
Microsoft Visual Studio Solution File, Format Version 12.00
# Visual Studio 15
VisualStudioVersion = 15.0.28307.489
MinimumVisualStudioVersion = 10.0.40219.1
Project("{FAE04EC0-301F-11D3-BF4B-00C04F79EFBC}") = "Demo", "Demo\Demo.csproj", "{7672A867-F7FD-4C5B-92F8-BA8C65CE7FEE}"
EndProject
Global
	GlobalSection(SolutionConfigurationPlatforms) = preSolution
		Debug|Any CPU = Debug|Any CPU
		Release|Any CPU = Release|Any CPU
	EndGlobalSection
	GlobalSection(ProjectConfigurationPlatforms) = postSolution
		{7672A867-F7FD-4C5B-92F8-BA8C65CE7FEE}.Debug|Any CPU.ActiveCfg = Debug|Any CPU
		{7672A867-F7FD-4C5B-92F8-BA8C65CE7FEE}.Debug|Any CPU.Build.0 = Debug|Any CPU
		{7672A867-F7FD-4C5B-92F8-BA8C65CE7FEE}.Release|Any CPU.ActiveCfg = Release|Any CPU
		{7672A867-F7FD-4C5B-92F8-BA8C65CE7FEE}.Release|Any CPU.Build.0 = Release|Any CPU
	EndGlobalSection
	GlobalSection(SolutionProperties) = preSolution
		HideSolutionNode = FALSE
	EndGlobalSection
	GlobalSection(ExtensibilityGlobals) = postSolution
		SolutionGuid = {BA574054-BBD3-4410-9204-8A6A8CC6A157}
	EndGlobalSection
EndGlobal
